
Microsoft Visual Studio Solution File, Format Version 12.00
# Visual Studio Version 16
VisualStudioVersion = 16.0.29509.3
MinimumVisualStudioVersion = 10.0.40219.1
Project("{FAE04EC0-301F-11D3-BF4B-00C04F79EFBC}") = "internet_shop", "internet_shop\internet_shop.csproj", "{F9A0594A-1409-4AF6-9616-BD214E7D179C}"
EndProject
Global
	GlobalSection(SolutionConfigurationPlatforms) = preSolution
		Debug|Any CPU = Debug|Any CPU
		Release|Any CPU = Release|Any CPU
	EndGlobalSection
	GlobalSection(ProjectConfigurationPlatforms) = postSolution
		{F9A0594A-1409-4AF6-9616-BD214E7D179C}.Debug|Any CPU.ActiveCfg = Debug|Any CPU
		{F9A0594A-1409-4AF6-9616-BD214E7D179C}.Debug|Any CPU.Build.0 = Debug|Any CPU
		{F9A0594A-1409-4AF6-9616-BD214E7D179C}.Release|Any CPU.ActiveCfg = Release|Any CPU
		{F9A0594A-1409-4AF6-9616-BD214E7D179C}.Release|Any CPU.Build.0 = Release|Any CPU
	EndGlobalSection
	GlobalSection(SolutionProperties) = preSolution
		HideSolutionNode = FALSE
	EndGlobalSection
	GlobalSection(ExtensibilityGlobals) = postSolution
		SolutionGuid = {E7D07FC3-7320-49EA-AFE6-0A0A9048AC58}
	EndGlobalSection
EndGlobal
